
Microsoft Visual Studio Solution File, Format Version 12.00
# Visual Studio Version 17
VisualStudioVersion = 17.4.33110.190
MinimumVisualStudioVersion = 10.0.40219.1
Project("{9A19103F-16F7-4668-BE54-9A1E7A4F7556}") = "AdoNet", "AdoNet\AdoNet.csproj", "{64E8BACD-B9AA-430A-897E-FB109161A558}"
EndProject
Project("{9A19103F-16F7-4668-BE54-9A1E7A4F7556}") = "EFAccess", "EFAccess\EFAccess.csproj", "{A9AB8D73-68B6-44C7-ADDC-39123118BA3E}"
EndProject
Project("{9A19103F-16F7-4668-BE54-9A1E7A4F7556}") = "EFSQL", "EFSQL\EFSQL.csproj", "{048544A2-0464-43E0-A62E-1D6DF6F0C816}"
EndProject
Global
	GlobalSection(SolutionConfigurationPlatforms) = preSolution
		Debug|Any CPU = Debug|Any CPU
		Release|Any CPU = Release|Any CPU
	EndGlobalSection
	GlobalSection(ProjectConfigurationPlatforms) = postSolution
		{64E8BACD-B9AA-430A-897E-FB109161A558}.Debug|Any CPU.ActiveCfg = Debug|Any CPU
		{64E8BACD-B9AA-430A-897E-FB109161A558}.Debug|Any CPU.Build.0 = Debug|Any CPU
		{64E8BACD-B9AA-430A-897E-FB109161A558}.Release|Any CPU.ActiveCfg = Release|Any CPU
		{64E8BACD-B9AA-430A-897E-FB109161A558}.Release|Any CPU.Build.0 = Release|Any CPU
		{A9AB8D73-68B6-44C7-ADDC-39123118BA3E}.Debug|Any CPU.ActiveCfg = Debug|Any CPU
		{A9AB8D73-68B6-44C7-ADDC-39123118BA3E}.Debug|Any CPU.Build.0 = Debug|Any CPU
		{A9AB8D73-68B6-44C7-ADDC-39123118BA3E}.Release|Any CPU.ActiveCfg = Release|Any CPU
		{A9AB8D73-68B6-44C7-ADDC-39123118BA3E}.Release|Any CPU.Build.0 = Release|Any CPU
		{048544A2-0464-43E0-A62E-1D6DF6F0C816}.Debug|Any CPU.ActiveCfg = Debug|Any CPU
		{048544A2-0464-43E0-A62E-1D6DF6F0C816}.Debug|Any CPU.Build.0 = Debug|Any CPU
		{048544A2-0464-43E0-A62E-1D6DF6F0C816}.Release|Any CPU.ActiveCfg = Release|Any CPU
		{048544A2-0464-43E0-A62E-1D6DF6F0C816}.Release|Any CPU.Build.0 = Release|Any CPU
	EndGlobalSection
	GlobalSection(SolutionProperties) = preSolution
		HideSolutionNode = FALSE
	EndGlobalSection
	GlobalSection(ExtensibilityGlobals) = postSolution
		SolutionGuid = {6605F801-9CE3-4590-AB79-1663BC485952}
	EndGlobalSection
EndGlobal
